
Microsoft Visual Studio Solution File, Format Version 12.00
# Visual Studio 15
VisualStudioVersion = 15.0.27004.2008
MinimumVisualStudioVersion = 10.0.40219.1
Project("{FAE04EC0-301F-11D3-BF4B-00C04F79EFBC}") = "CSharp7", "CSharp7\CSharp7.csproj", "{330C1A2B-1A23-487D-8AE7-FE261C534871}"
EndProject
Project("{FAE04EC0-301F-11D3-BF4B-00C04F79EFBC}") = "CSharp6", "CSharp6\CSharp6.csproj", "{CB594A8D-5E60-402C-B13C-08423D5C39FA}"
EndProject
Project("{FAE04EC0-301F-11D3-BF4B-00C04F79EFBC}") = "CSharp5", "CSharp5\CSharp5.csproj", "{425CF055-FA19-466B-9381-BD0608087692}"
EndProject
Project("{FAE04EC0-301F-11D3-BF4B-00C04F79EFBC}") = "CSharp7.1", "CSharp7.1\CSharp7.1.csproj", "{159528A6-725F-4999-B175-CA30FB7514B3}"
EndProject
Project("{FAE04EC0-301F-11D3-BF4B-00C04F79EFBC}") = "CSharp7.2", "CSharp7.2\CSharp7.2.csproj", "{F4DA6EDF-9A83-480F-AD76-8FA6E8222676}"
EndProject
Global
	GlobalSection(SolutionConfigurationPlatforms) = preSolution
		Debug|Any CPU = Debug|Any CPU
		Release|Any CPU = Release|Any CPU
	EndGlobalSection
	GlobalSection(ProjectConfigurationPlatforms) = postSolution
		{330C1A2B-1A23-487D-8AE7-FE261C534871}.Debug|Any CPU.ActiveCfg = Debug|Any CPU
		{330C1A2B-1A23-487D-8AE7-FE261C534871}.Debug|Any CPU.Build.0 = Debug|Any CPU
		{330C1A2B-1A23-487D-8AE7-FE261C534871}.Release|Any CPU.ActiveCfg = Release|Any CPU
		{330C1A2B-1A23-487D-8AE7-FE261C534871}.Release|Any CPU.Build.0 = Release|Any CPU
		{CB594A8D-5E60-402C-B13C-08423D5C39FA}.Debug|Any CPU.ActiveCfg = Debug|Any CPU
		{CB594A8D-5E60-402C-B13C-08423D5C39FA}.Debug|Any CPU.Build.0 = Debug|Any CPU
		{CB594A8D-5E60-402C-B13C-08423D5C39FA}.Release|Any CPU.ActiveCfg = Release|Any CPU
		{CB594A8D-5E60-402C-B13C-08423D5C39FA}.Release|Any CPU.Build.0 = Release|Any CPU
		{425CF055-FA19-466B-9381-BD0608087692}.Debug|Any CPU.ActiveCfg = Debug|Any CPU
		{425CF055-FA19-466B-9381-BD0608087692}.Debug|Any CPU.Build.0 = Debug|Any CPU
		{425CF055-FA19-466B-9381-BD0608087692}.Release|Any CPU.ActiveCfg = Release|Any CPU
		{425CF055-FA19-466B-9381-BD0608087692}.Release|Any CPU.Build.0 = Release|Any CPU
		{159528A6-725F-4999-B175-CA30FB7514B3}.Debug|Any CPU.ActiveCfg = Debug|Any CPU
		{159528A6-725F-4999-B175-CA30FB7514B3}.Debug|Any CPU.Build.0 = Debug|Any CPU
		{159528A6-725F-4999-B175-CA30FB7514B3}.Release|Any CPU.ActiveCfg = Release|Any CPU
		{159528A6-725F-4999-B175-CA30FB7514B3}.Release|Any CPU.Build.0 = Release|Any CPU
		{F4DA6EDF-9A83-480F-AD76-8FA6E8222676}.Debug|Any CPU.ActiveCfg = Debug|Any CPU
		{F4DA6EDF-9A83-480F-AD76-8FA6E8222676}.Debug|Any CPU.Build.0 = Debug|Any CPU
		{F4DA6EDF-9A83-480F-AD76-8FA6E8222676}.Release|Any CPU.ActiveCfg = Release|Any CPU
		{F4DA6EDF-9A83-480F-AD76-8FA6E8222676}.Release|Any CPU.Build.0 = Release|Any CPU
	EndGlobalSection
	GlobalSection(SolutionProperties) = preSolution
		HideSolutionNode = FALSE
	EndGlobalSection
	GlobalSection(ExtensibilityGlobals) = postSolution
		SolutionGuid = {11EC314C-427F-4DD1-83A7-4CD05120F91E}
	EndGlobalSection
EndGlobal
